{
  "name": "sensible_security_www",
  "version": "1.0.0",
  "lockfileVersion": 1,
  "requires": true,
  "dependencies": {
    "breakpoint-sass": {
      "version": "2.7.1",
      "resolved": "https://registry.npmjs.org/breakpoint-sass/-/breakpoint-sass-2.7.1.tgz",
      "integrity": "sha1-jvbEdE3MJbqD2Wm2yaF+XaopmAo=",
      "dev": true
    },
    "normalize.css": {
      "version": "8.0.0",
      "resolved": "https://registry.npmjs.org/normalize.css/-/normalize.css-8.0.0.tgz",
      "integrity": "sha512-iXcbM3NWr0XkNyfiSBsoPezi+0V92P9nj84yVV1/UZxRUrGczgX/X91KMAGM0omWLY2+2Q1gKD/XRn4gQRDB2A==",
      "dev": true
    }
  }
}
